
Microsoft Visual Studio Solution File, Format Version 12.00
# Visual Studio Version 16
VisualStudioVersion = 16.0.31129.286
MinimumVisualStudioVersion = 10.0.40219.1
Project("{FAE04EC0-301F-11D3-BF4B-00C04F79EFBC}") = "TP2_SD", "TP2_SD\TP2_SD.csproj", "{17294391-8CE2-4936-8BD6-1881DD68CDEA}"
EndProject
Project("{FAE04EC0-301F-11D3-BF4B-00C04F79EFBC}") = "ClienteUtilizador", "ClienteUtilizador\ClienteUtilizador.csproj", "{75BD07E7-4BC3-4805-A9C7-D06FF1412C0C}"
EndProject
Project("{FAE04EC0-301F-11D3-BF4B-00C04F79EFBC}") = "ClienteAdministrador", "ClienteAdministrador\ClienteAdministrador.csproj", "{821D0AB1-DB3B-449B-BE6F-DB0F6327EE29}"
EndProject
Project("{FAE04EC0-301F-11D3-BF4B-00C04F79EFBC}") = "ClienteGestor", "ClienteGestor\ClienteGestor.csproj", "{12169559-8361-40DF-941E-B62D1ECAB176}"
EndProject
Global
	GlobalSection(SolutionConfigurationPlatforms) = preSolution
		Debug|Any CPU = Debug|Any CPU
		Release|Any CPU = Release|Any CPU
	EndGlobalSection
	GlobalSection(ProjectConfigurationPlatforms) = postSolution
		{17294391-8CE2-4936-8BD6-1881DD68CDEA}.Debug|Any CPU.ActiveCfg = Debug|Any CPU
		{17294391-8CE2-4936-8BD6-1881DD68CDEA}.Debug|Any CPU.Build.0 = Debug|Any CPU
		{17294391-8CE2-4936-8BD6-1881DD68CDEA}.Release|Any CPU.ActiveCfg = Release|Any CPU
		{17294391-8CE2-4936-8BD6-1881DD68CDEA}.Release|Any CPU.Build.0 = Release|Any CPU
		{75BD07E7-4BC3-4805-A9C7-D06FF1412C0C}.Debug|Any CPU.ActiveCfg = Debug|Any CPU
		{75BD07E7-4BC3-4805-A9C7-D06FF1412C0C}.Debug|Any CPU.Build.0 = Debug|Any CPU
		{75BD07E7-4BC3-4805-A9C7-D06FF1412C0C}.Release|Any CPU.ActiveCfg = Release|Any CPU
		{75BD07E7-4BC3-4805-A9C7-D06FF1412C0C}.Release|Any CPU.Build.0 = Release|Any CPU
		{821D0AB1-DB3B-449B-BE6F-DB0F6327EE29}.Debug|Any CPU.ActiveCfg = Debug|Any CPU
		{821D0AB1-DB3B-449B-BE6F-DB0F6327EE29}.Debug|Any CPU.Build.0 = Debug|Any CPU
		{821D0AB1-DB3B-449B-BE6F-DB0F6327EE29}.Release|Any CPU.ActiveCfg = Release|Any CPU
		{821D0AB1-DB3B-449B-BE6F-DB0F6327EE29}.Release|Any CPU.Build.0 = Release|Any CPU
		{12169559-8361-40DF-941E-B62D1ECAB176}.Debug|Any CPU.ActiveCfg = Debug|Any CPU
		{12169559-8361-40DF-941E-B62D1ECAB176}.Debug|Any CPU.Build.0 = Debug|Any CPU
		{12169559-8361-40DF-941E-B62D1ECAB176}.Release|Any CPU.ActiveCfg = Release|Any CPU
		{12169559-8361-40DF-941E-B62D1ECAB176}.Release|Any CPU.Build.0 = Release|Any CPU
	EndGlobalSection
	GlobalSection(SolutionProperties) = preSolution
		HideSolutionNode = FALSE
	EndGlobalSection
	GlobalSection(ExtensibilityGlobals) = postSolution
		SolutionGuid = {F5E61F5B-AB35-49DD-8748-5CD13F8BF3FA}
	EndGlobalSection
EndGlobal
